
Microsoft Visual Studio Solution File, Format Version 12.00
# Visual Studio Version 16
VisualStudioVersion = 16.0.30413.136
MinimumVisualStudioVersion = 10.0.40219.1
Project("{FAE04EC0-301F-11D3-BF4B-00C04F79EFBC}") = "Automatische", "DrawingTheme\Automatische.csproj", "{4C66A8E3-388C-4EFA-8AE0-59A224EDA338}"
EndProject
Global
	GlobalSection(SolutionConfigurationPlatforms) = preSolution
		Debug|Any CPU = Debug|Any CPU
		Release|Any CPU = Release|Any CPU
	EndGlobalSection
	GlobalSection(ProjectConfigurationPlatforms) = postSolution
		{4C66A8E3-388C-4EFA-8AE0-59A224EDA338}.Debug|Any CPU.ActiveCfg = Debug|Any CPU
		{4C66A8E3-388C-4EFA-8AE0-59A224EDA338}.Debug|Any CPU.Build.0 = Debug|Any CPU
		{4C66A8E3-388C-4EFA-8AE0-59A224EDA338}.Release|Any CPU.ActiveCfg = Release|Any CPU
		{4C66A8E3-388C-4EFA-8AE0-59A224EDA338}.Release|Any CPU.Build.0 = Release|Any CPU
	EndGlobalSection
	GlobalSection(SolutionProperties) = preSolution
		HideSolutionNode = FALSE
	EndGlobalSection
	GlobalSection(ExtensibilityGlobals) = postSolution
		SolutionGuid = {D9C82546-F9C8-4CC1-AAF5-9CD644F82E14}
	EndGlobalSection
EndGlobal
